
Microsoft Visual Studio Solution File, Format Version 12.00
# Visual Studio Version 16
VisualStudioVersion = 16.0.30204.135
MinimumVisualStudioVersion = 10.0.40219.1
Project("{9A19103F-16F7-4668-BE54-9A1E7A4F7556}") = "XFWPFNetCore.WPF", "XFWPFNetCore.WPF\XFWPFNetCore.WPF.csproj", "{4A1C3805-7A46-41CE-8DA0-BD8D83CC8970}"
EndProject
Project("{9A19103F-16F7-4668-BE54-9A1E7A4F7556}") = "XFWPFNetCore", "XFWPFNetCore\XFWPFNetCore.csproj", "{253C2102-70B4-4F83-95E4-681862A06263}"
EndProject
Global
	GlobalSection(SolutionConfigurationPlatforms) = preSolution
		Debug|Any CPU = Debug|Any CPU
		Debug|ARM = Debug|ARM
		Debug|x64 = Debug|x64
		Debug|x86 = Debug|x86
		Release|Any CPU = Release|Any CPU
		Release|ARM = Release|ARM
		Release|x64 = Release|x64
		Release|x86 = Release|x86
	EndGlobalSection
	GlobalSection(ProjectConfigurationPlatforms) = postSolution
		{4A1C3805-7A46-41CE-8DA0-BD8D83CC8970}.Debug|Any CPU.ActiveCfg = Debug|Any CPU
		{4A1C3805-7A46-41CE-8DA0-BD8D83CC8970}.Debug|Any CPU.Build.0 = Debug|Any CPU
		{4A1C3805-7A46-41CE-8DA0-BD8D83CC8970}.Debug|ARM.ActiveCfg = Debug|Any CPU
		{4A1C3805-7A46-41CE-8DA0-BD8D83CC8970}.Debug|ARM.Build.0 = Debug|Any CPU
		{4A1C3805-7A46-41CE-8DA0-BD8D83CC8970}.Debug|x64.ActiveCfg = Debug|Any CPU
		{4A1C3805-7A46-41CE-8DA0-BD8D83CC8970}.Debug|x64.Build.0 = Debug|Any CPU
		{4A1C3805-7A46-41CE-8DA0-BD8D83CC8970}.Debug|x86.ActiveCfg = Debug|Any CPU
		{4A1C3805-7A46-41CE-8DA0-BD8D83CC8970}.Debug|x86.Build.0 = Debug|Any CPU
		{4A1C3805-7A46-41CE-8DA0-BD8D83CC8970}.Release|Any CPU.ActiveCfg = Release|Any CPU
		{4A1C3805-7A46-41CE-8DA0-BD8D83CC8970}.Release|Any CPU.Build.0 = Release|Any CPU
		{4A1C3805-7A46-41CE-8DA0-BD8D83CC8970}.Release|ARM.ActiveCfg = Release|Any CPU
		{4A1C3805-7A46-41CE-8DA0-BD8D83CC8970}.Release|ARM.Build.0 = Release|Any CPU
		{4A1C3805-7A46-41CE-8DA0-BD8D83CC8970}.Release|x64.ActiveCfg = Release|Any CPU
		{4A1C3805-7A46-41CE-8DA0-BD8D83CC8970}.Release|x64.Build.0 = Release|Any CPU
		{4A1C3805-7A46-41CE-8DA0-BD8D83CC8970}.Release|x86.ActiveCfg = Release|Any CPU
		{4A1C3805-7A46-41CE-8DA0-BD8D83CC8970}.Release|x86.Build.0 = Release|Any CPU
		{253C2102-70B4-4F83-95E4-681862A06263}.Debug|Any CPU.ActiveCfg = Debug|Any CPU
		{253C2102-70B4-4F83-95E4-681862A06263}.Debug|Any CPU.Build.0 = Debug|Any CPU
		{253C2102-70B4-4F83-95E4-681862A06263}.Debug|ARM.ActiveCfg = Debug|Any CPU
		{253C2102-70B4-4F83-95E4-681862A06263}.Debug|ARM.Build.0 = Debug|Any CPU
		{253C2102-70B4-4F83-95E4-681862A06263}.Debug|x64.ActiveCfg = Debug|Any CPU
		{253C2102-70B4-4F83-95E4-681862A06263}.Debug|x64.Build.0 = Debug|Any CPU
		{253C2102-70B4-4F83-95E4-681862A06263}.Debug|x86.ActiveCfg = Debug|Any CPU
		{253C2102-70B4-4F83-95E4-681862A06263}.Debug|x86.Build.0 = Debug|Any CPU
		{253C2102-70B4-4F83-95E4-681862A06263}.Release|Any CPU.ActiveCfg = Release|Any CPU
		{253C2102-70B4-4F83-95E4-681862A06263}.Release|Any CPU.Build.0 = Release|Any CPU
		{253C2102-70B4-4F83-95E4-681862A06263}.Release|ARM.ActiveCfg = Release|Any CPU
		{253C2102-70B4-4F83-95E4-681862A06263}.Release|ARM.Build.0 = Release|Any CPU
		{253C2102-70B4-4F83-95E4-681862A06263}.Release|x64.ActiveCfg = Release|Any CPU
		{253C2102-70B4-4F83-95E4-681862A06263}.Release|x64.Build.0 = Release|Any CPU
		{253C2102-70B4-4F83-95E4-681862A06263}.Release|x86.ActiveCfg = Release|Any CPU
		{253C2102-70B4-4F83-95E4-681862A06263}.Release|x86.Build.0 = Release|Any CPU
	EndGlobalSection
	GlobalSection(SolutionProperties) = preSolution
		HideSolutionNode = FALSE
	EndGlobalSection
	GlobalSection(ExtensibilityGlobals) = postSolution
		SolutionGuid = {61BCC4CD-4D63-4AD3-946A-CE99055A8DE8}
	EndGlobalSection
EndGlobal
